
Microsoft Visual Studio Solution File, Format Version 12.00
# Visual Studio Version 17
VisualStudioVersion = 17.11.35303.130
MinimumVisualStudioVersion = 10.0.40219.1
Project("{FAE04EC0-301F-11D3-BF4B-00C04F79EFBC}") = "Stack_push_pop", "Stack_push_pop.csproj", "{3CA73F66-BB3D-4041-B63D-3A9577F87C1C}"
EndProject
Global
	GlobalSection(SolutionConfigurationPlatforms) = preSolution
		Debug|Any CPU = Debug|Any CPU
		Release|Any CPU = Release|Any CPU
	EndGlobalSection
	GlobalSection(ProjectConfigurationPlatforms) = postSolution
		{3CA73F66-BB3D-4041-B63D-3A9577F87C1C}.Debug|Any CPU.ActiveCfg = Debug|Any CPU
		{3CA73F66-BB3D-4041-B63D-3A9577F87C1C}.Debug|Any CPU.Build.0 = Debug|Any CPU
		{3CA73F66-BB3D-4041-B63D-3A9577F87C1C}.Release|Any CPU.ActiveCfg = Release|Any CPU
		{3CA73F66-BB3D-4041-B63D-3A9577F87C1C}.Release|Any CPU.Build.0 = Release|Any CPU
	EndGlobalSection
	GlobalSection(SolutionProperties) = preSolution
		HideSolutionNode = FALSE
	EndGlobalSection
	GlobalSection(ExtensibilityGlobals) = postSolution
		SolutionGuid = {6586B472-1B07-4397-99EF-BFDCAAC6035D}
	EndGlobalSection
EndGlobal
